
Microsoft Visual Studio Solution File, Format Version 12.00
# Visual Studio 2012
Project("{FAE04EC0-301F-11D3-BF4B-00C04F79EFBC}") = "Hello", "Hello\Hello.csproj", "{F42390FC-B2E0-4B48-9DD3-306A9465AE99}"
EndProject
Project("{FAE04EC0-301F-11D3-BF4B-00C04F79EFBC}") = "Classes", "Classes\Classes.csproj", "{51A4BDA7-E1C1-4800-B441-B83B6ACC719E}"
EndProject
Global
	GlobalSection(SolutionConfigurationPlatforms) = preSolution
		Debug|Any CPU = Debug|Any CPU
		Release|Any CPU = Release|Any CPU
	EndGlobalSection
	GlobalSection(ProjectConfigurationPlatforms) = postSolution
		{F42390FC-B2E0-4B48-9DD3-306A9465AE99}.Debug|Any CPU.ActiveCfg = Debug|Any CPU
		{F42390FC-B2E0-4B48-9DD3-306A9465AE99}.Debug|Any CPU.Build.0 = Debug|Any CPU
		{F42390FC-B2E0-4B48-9DD3-306A9465AE99}.Release|Any CPU.ActiveCfg = Release|Any CPU
		{F42390FC-B2E0-4B48-9DD3-306A9465AE99}.Release|Any CPU.Build.0 = Release|Any CPU
		{51A4BDA7-E1C1-4800-B441-B83B6ACC719E}.Debug|Any CPU.ActiveCfg = Debug|Any CPU
		{51A4BDA7-E1C1-4800-B441-B83B6ACC719E}.Debug|Any CPU.Build.0 = Debug|Any CPU
		{51A4BDA7-E1C1-4800-B441-B83B6ACC719E}.Release|Any CPU.ActiveCfg = Release|Any CPU
		{51A4BDA7-E1C1-4800-B441-B83B6ACC719E}.Release|Any CPU.Build.0 = Release|Any CPU
	EndGlobalSection
	GlobalSection(SolutionProperties) = preSolution
		HideSolutionNode = FALSE
	EndGlobalSection
EndGlobal
