
Microsoft Visual Studio Solution File, Format Version 12.00
# Visual Studio 2012
Project("{FAE04EC0-301F-11D3-BF4B-00C04F79EFBC}") = "SortNumbersAscending", "SortNumbersAscending\SortNumbersAscending.csproj", "{6E77AFD5-A335-43C1-89C8-0FAAD62D757C}"
EndProject
Project("{FAE04EC0-301F-11D3-BF4B-00C04F79EFBC}") = "ReverseString", "ConsoleApplication1\ReverseString.csproj", "{8985F63A-E58E-43F7-AC9D-34FA57955804}"
EndProject
Project("{FAE04EC0-301F-11D3-BF4B-00C04F79EFBC}") = "ChangeMaker", "ChangeMaker\ChangeMaker.csproj", "{3BDB6A5F-9CEE-49F5-BCDC-F161967BC972}"
EndProject
Project("{FAE04EC0-301F-11D3-BF4B-00C04F79EFBC}") = "Elementary exercises", "Elementary exercises\Elementary exercises.csproj", "{32520528-4B47-4B8D-8972-D7CC514CFA0E}"
EndProject
Project("{FAE04EC0-301F-11D3-BF4B-00C04F79EFBC}") = "MultiplicationTable", "MultiplicationTable\MultiplicationTable.csproj", "{86E30510-FD29-454F-A213-BBDCE66EF97B}"
EndProject
Project("{FAE04EC0-301F-11D3-BF4B-00C04F79EFBC}") = "BoxingConversions", "BoxingConversions\BoxingConversions.csproj", "{7AB5188C-933D-4629-BC63-8F0E6A6AED85}"
EndProject
Project("{FAE04EC0-301F-11D3-BF4B-00C04F79EFBC}") = "WorkingWithScope", "WorkingWithScope\WorkingWithScope.csproj", "{2D21015B-E452-4B48-B5C1-4F9C659D6A8C}"
EndProject
Global
	GlobalSection(SolutionConfigurationPlatforms) = preSolution
		Debug|Any CPU = Debug|Any CPU
		Release|Any CPU = Release|Any CPU
	EndGlobalSection
	GlobalSection(ProjectConfigurationPlatforms) = postSolution
		{6E77AFD5-A335-43C1-89C8-0FAAD62D757C}.Debug|Any CPU.ActiveCfg = Debug|Any CPU
		{6E77AFD5-A335-43C1-89C8-0FAAD62D757C}.Debug|Any CPU.Build.0 = Debug|Any CPU
		{6E77AFD5-A335-43C1-89C8-0FAAD62D757C}.Release|Any CPU.ActiveCfg = Release|Any CPU
		{6E77AFD5-A335-43C1-89C8-0FAAD62D757C}.Release|Any CPU.Build.0 = Release|Any CPU
		{8985F63A-E58E-43F7-AC9D-34FA57955804}.Debug|Any CPU.ActiveCfg = Debug|Any CPU
		{8985F63A-E58E-43F7-AC9D-34FA57955804}.Debug|Any CPU.Build.0 = Debug|Any CPU
		{8985F63A-E58E-43F7-AC9D-34FA57955804}.Release|Any CPU.ActiveCfg = Release|Any CPU
		{8985F63A-E58E-43F7-AC9D-34FA57955804}.Release|Any CPU.Build.0 = Release|Any CPU
		{3BDB6A5F-9CEE-49F5-BCDC-F161967BC972}.Debug|Any CPU.ActiveCfg = Debug|Any CPU
		{3BDB6A5F-9CEE-49F5-BCDC-F161967BC972}.Debug|Any CPU.Build.0 = Debug|Any CPU
		{3BDB6A5F-9CEE-49F5-BCDC-F161967BC972}.Release|Any CPU.ActiveCfg = Release|Any CPU
		{3BDB6A5F-9CEE-49F5-BCDC-F161967BC972}.Release|Any CPU.Build.0 = Release|Any CPU
		{32520528-4B47-4B8D-8972-D7CC514CFA0E}.Debug|Any CPU.ActiveCfg = Debug|Any CPU
		{32520528-4B47-4B8D-8972-D7CC514CFA0E}.Debug|Any CPU.Build.0 = Debug|Any CPU
		{32520528-4B47-4B8D-8972-D7CC514CFA0E}.Release|Any CPU.ActiveCfg = Release|Any CPU
		{32520528-4B47-4B8D-8972-D7CC514CFA0E}.Release|Any CPU.Build.0 = Release|Any CPU
		{86E30510-FD29-454F-A213-BBDCE66EF97B}.Debug|Any CPU.ActiveCfg = Debug|Any CPU
		{86E30510-FD29-454F-A213-BBDCE66EF97B}.Debug|Any CPU.Build.0 = Debug|Any CPU
		{86E30510-FD29-454F-A213-BBDCE66EF97B}.Release|Any CPU.ActiveCfg = Release|Any CPU
		{86E30510-FD29-454F-A213-BBDCE66EF97B}.Release|Any CPU.Build.0 = Release|Any CPU
		{7AB5188C-933D-4629-BC63-8F0E6A6AED85}.Debug|Any CPU.ActiveCfg = Debug|Any CPU
		{7AB5188C-933D-4629-BC63-8F0E6A6AED85}.Debug|Any CPU.Build.0 = Debug|Any CPU
		{7AB5188C-933D-4629-BC63-8F0E6A6AED85}.Release|Any CPU.ActiveCfg = Release|Any CPU
		{7AB5188C-933D-4629-BC63-8F0E6A6AED85}.Release|Any CPU.Build.0 = Release|Any CPU
		{2D21015B-E452-4B48-B5C1-4F9C659D6A8C}.Debug|Any CPU.ActiveCfg = Debug|Any CPU
		{2D21015B-E452-4B48-B5C1-4F9C659D6A8C}.Debug|Any CPU.Build.0 = Debug|Any CPU
		{2D21015B-E452-4B48-B5C1-4F9C659D6A8C}.Release|Any CPU.ActiveCfg = Release|Any CPU
		{2D21015B-E452-4B48-B5C1-4F9C659D6A8C}.Release|Any CPU.Build.0 = Release|Any CPU
	EndGlobalSection
	GlobalSection(SolutionProperties) = preSolution
		HideSolutionNode = FALSE
	EndGlobalSection
EndGlobal
